
Microsoft Visual Studio Solution File, Format Version 12.00
# Visual Studio 15
VisualStudioVersion = 15.0.28307.539
MinimumVisualStudioVersion = 10.0.40219.1
Project("{FAE04EC0-301F-11D3-BF4B-00C04F79EFBC}") = "task2_array", "task2\task2_array.csproj", "{5E6E5701-A202-4FD5-A03D-2D160D21847D}"
EndProject
Project("{FAE04EC0-301F-11D3-BF4B-00C04F79EFBC}") = "task2_BT", "task2_BT\task2_BT.csproj", "{1269C908-AE74-4B65-ADB7-32E01C411B55}"
EndProject
Project("{FAE04EC0-301F-11D3-BF4B-00C04F79EFBC}") = "task2_Linq", "task2_Linq\task2_Linq.csproj", "{F509EE8E-C110-4FB7-81A1-3DDCC9757937}"
EndProject
Global
	GlobalSection(SolutionConfigurationPlatforms) = preSolution
		Debug|Any CPU = Debug|Any CPU
		Release|Any CPU = Release|Any CPU
	EndGlobalSection
	GlobalSection(ProjectConfigurationPlatforms) = postSolution
		{5E6E5701-A202-4FD5-A03D-2D160D21847D}.Debug|Any CPU.ActiveCfg = Debug|Any CPU
		{5E6E5701-A202-4FD5-A03D-2D160D21847D}.Debug|Any CPU.Build.0 = Debug|Any CPU
		{5E6E5701-A202-4FD5-A03D-2D160D21847D}.Release|Any CPU.ActiveCfg = Release|Any CPU
		{5E6E5701-A202-4FD5-A03D-2D160D21847D}.Release|Any CPU.Build.0 = Release|Any CPU
		{1269C908-AE74-4B65-ADB7-32E01C411B55}.Debug|Any CPU.ActiveCfg = Debug|Any CPU
		{1269C908-AE74-4B65-ADB7-32E01C411B55}.Debug|Any CPU.Build.0 = Debug|Any CPU
		{1269C908-AE74-4B65-ADB7-32E01C411B55}.Release|Any CPU.ActiveCfg = Release|Any CPU
		{1269C908-AE74-4B65-ADB7-32E01C411B55}.Release|Any CPU.Build.0 = Release|Any CPU
		{F509EE8E-C110-4FB7-81A1-3DDCC9757937}.Debug|Any CPU.ActiveCfg = Debug|Any CPU
		{F509EE8E-C110-4FB7-81A1-3DDCC9757937}.Debug|Any CPU.Build.0 = Debug|Any CPU
		{F509EE8E-C110-4FB7-81A1-3DDCC9757937}.Release|Any CPU.ActiveCfg = Release|Any CPU
		{F509EE8E-C110-4FB7-81A1-3DDCC9757937}.Release|Any CPU.Build.0 = Release|Any CPU
	EndGlobalSection
	GlobalSection(SolutionProperties) = preSolution
		HideSolutionNode = FALSE
	EndGlobalSection
	GlobalSection(ExtensibilityGlobals) = postSolution
		SolutionGuid = {0FF454B0-A147-4660-B6A3-A7DCAD348CC1}
	EndGlobalSection
EndGlobal
